// !$*UTF8*$!
{
	archiveVersion = 1;
	classes = {
	};
	objectVersion = 46;
	objects = {

/* Begin PBXBuildFile section */
		7A4B648D1B4B1C0500FA051A /* Main.storyboard in Resources */ = {isa = PBXBuildFile; fileRef = 7A4B648C1B4B1C0500FA051A /* Main.storyboard */; };
		7A4B64911B4B316200FA051A /* NextNumberAnswerLabel.swift in Sources */ = {isa = PBXBuildFile; fileRef = 7A4B64901B4B316200FA051A /* NextNumberAnswerLabel.swift */; };
		7A4B64931B4C133B00FA051A /* APIController.swift in Sources */ = {isa = PBXBuildFile; fileRef = 7A4B64921B4C133B00FA051A /* APIController.swift */; };
		7ABDDF941B5959F8008294B6 /* ListAllViewController.swift in Sources */ = {isa = PBXBuildFile; fileRef = 7ABDDF931B5959F8008294B6 /* ListAllViewController.swift */; };
		7ABDFEEC1B3311C0005B3599 /* AppDelegate.swift in Sources */ = {isa = PBXBuildFile; fileRef = 7ABDFEEB1B3311C0005B3599 /* AppDelegate.swift */; };
		7ABDFEEF1B3311C0005B3599 /* MyNextNumber.xcdatamodeld in Sources */ = {isa = PBXBuildFile; fileRef = 7ABDFEED1B3311C0005B3599 /* MyNextNumber.xcdatamodeld */; };
		7ABDFEF11B3311C0005B3599 /* ViewController.swift in Sources */ = {isa = PBXBuildFile; fileRef = 7ABDFEF01B3311C0005B3599 /* ViewController.swift */; };
		7ABDFEF61B3311C0005B3599 /* Images.xcassets in Resources */ = {isa = PBXBuildFile; fileRef = 7ABDFEF51B3311C0005B3599 /* Images.xcassets */; };
		7ABDFF051B3311C0005B3599 /* MyNextNumberTests.swift in Sources */ = {isa = PBXBuildFile; fileRef = 7ABDFF041B3311C0005B3599 /* MyNextNumberTests.swift */; };
		7ABDFF0F1B3A10F0005B3599 /* AskNumberViewController.swift in Sources */ = {isa = PBXBuildFile; fileRef = 7ABDFF0E1B3A10F0005B3599 /* AskNumberViewController.swift */; };
/* End PBXBuildFile section */

/* Begin PBXContainerItemProxy section */
		7ABDFEFF1B3311C0005B3599 /* PBXContainerItemProxy */ = {
			isa = PBXContainerItemProxy;
			containerPortal = 7ABDFEDE1B3311C0005B3599 /* Project object */;
			proxyType = 1;
			remoteGlobalIDString = 7ABDFEE51B3311C0005B3599;
			remoteInfo = MyNextNumber;
		};
/* End PBXContainerItemProxy section */

/* Begin PBXFileReference section */
		7A4B648C1B4B1C0500FA051A /* Main.storyboard */ = {isa = PBXFileReference; fileEncoding = 4; lastKnownFileType = file.storyboard; name = Main.storyboard; path = Base.lproj/Main.storyboard; sourceTree = "<group>"; };
		7A4B64901B4B316200FA051A /* NextNumberAnswerLabel.swift */ = {isa = PBXFileReference; fileEncoding = 4; lastKnownFileType = sourcecode.swift; path = NextNumberAnswerLabel.swift; sourceTree = "<group>"; };
		7A4B64921B4C133B00FA051A /* APIController.swift */ = {isa = PBXFileReference; fileEncoding = 4; lastKnownFileType = sourcecode.swift; path = APIController.swift; sourceTree = "<group>"; };
		7ABDDF931B5959F8008294B6 /* ListAllViewController.swift */ = {isa = PBXFileReference; fileEncoding = 4; lastKnownFileType = sourcecode.swift; path = ListAllViewController.swift; sourceTree = "<group>"; };
		7ABDFEE61B3311C0005B3599 /* MyNextNumber.app */ = {isa = PBXFileReference; explicitFileType = wrapper.application; includeInIndex = 0; path = MyNextNumber.app; sourceTree = BUILT_PRODUCTS_DIR; };
		7ABDFEEA1B3311C0005B3599 /* Info.plist */ = {isa = PBXFileReference; lastKnownFileType = text.plist.xml; path = Info.plist; sourceTree = "<group>"; };
		7ABDFEEB1B3311C0005B3599 /* AppDelegate.swift */ = {isa = PBXFileReference; lastKnownFileType = sourcecode.swift; path = AppDelegate.swift; sourceTree = "<group>"; };
		7ABDFEEE1B3311C0005B3599 /* MyNextNumber.xcdatamodel */ = {isa = PBXFileReference; lastKnownFileType = wrapper.xcdatamodel; path = MyNextNumber.xcdatamodel; sourceTree = "<group>"; };
		7ABDFEF01B3311C0005B3599 /* ViewController.swift */ = {isa = PBXFileReference; lastKnownFileType = sourcecode.swift; path = ViewController.swift; sourceTree = "<group>"; };
		7ABDFEF51B3311C0005B3599 /* Images.xcassets */ = {isa = PBXFileReference; lastKnownFileType = folder.assetcatalog; path = Images.xcassets; sourceTree = "<group>"; };
		7ABDFEFE1B3311C0005B3599 /* MyNextNumberTests.xctest */ = {isa = PBXFileReference; explicitFileType = wrapper.cfbundle; includeInIndex = 0; path = MyNextNumberTests.xctest; sourceTree = BUILT_PRODUCTS_DIR; };
		7ABDFF031B3311C0005B3599 /* Info.plist */ = {isa = PBXFileReference; lastKnownFileType = text.plist.xml; path = Info.plist; sourceTree = "<group>"; };
		7ABDFF041B3311C0005B3599 /* MyNextNumberTests.swift */ = {isa = PBXFileReference; lastKnownFileType = sourcecode.swift; path = MyNextNumberTests.swift; sourceTree = "<group>"; };
		7ABDFF0E1B3A10F0005B3599 /* AskNumberViewController.swift */ = {isa = PBXFileReference; fileEncoding = 4; lastKnownFileType = sourcecode.swift; path = AskNumberViewController.swift; sourceTree = "<group>"; };
/* End PBXFileReference section */

/* Begin PBXFrameworksBuildPhase section */
		7ABDFEE31B3311C0005B3599 /* Frameworks */ = {
			isa = PBXFrameworksBuildPhase;
			buildActionMask = 2147483647;
			files = (
			);
			runOnlyForDeploymentPostprocessing = 0;
		};
		7ABDFEFB1B3311C0005B3599 /* Frameworks */ = {
			isa = PBXFrameworksBuildPhase;
			buildActionMask = 2147483647;
			files = (
			);
			runOnlyForDeploymentPostprocessing = 0;
		};
/* End PBXFrameworksBuildPhase section */

/* Begin PBXGroup section */
		7ABDFEDD1B3311C0005B3599 = {
			isa = PBXGroup;
			children = (
				7ABDFEE81B3311C0005B3599 /* MyNextNumber */,
				7ABDFF011B3311C0005B3599 /* MyNextNumberTests */,
				7ABDFEE71B3311C0005B3599 /* Products */,
			);
			sourceTree = "<group>";
		};
		7ABDFEE71B3311C0005B3599 /* Products */ = {
			isa = PBXGroup;
			children = (
				7ABDFEE61B3311C0005B3599 /* MyNextNumber.app */,
				7ABDFEFE1B3311C0005B3599 /* MyNextNumberTests.xctest */,
			);
			name = Products;
			sourceTree = "<group>";
		};
		7ABDFEE81B3311C0005B3599 /* MyNextNumber */ = {
			isa = PBXGroup;
			children = (
				7ABDFEEB1B3311C0005B3599 /* AppDelegate.swift */,
				7ABDFEF01B3311C0005B3599 /* ViewController.swift */,
				7A4B64921B4C133B00FA051A /* APIController.swift */,
				7ABDFF0E1B3A10F0005B3599 /* AskNumberViewController.swift */,
				7ABDDF931B5959F8008294B6 /* ListAllViewController.swift */,
				7A4B64901B4B316200FA051A /* NextNumberAnswerLabel.swift */,
				7A4B648C1B4B1C0500FA051A /* Main.storyboard */,
				7ABDFEF51B3311C0005B3599 /* Images.xcassets */,
				7ABDFEED1B3311C0005B3599 /* MyNextNumber.xcdatamodeld */,
				7ABDFEE91B3311C0005B3599 /* Supporting Files */,
			);
			path = MyNextNumber;
			sourceTree = "<group>";
		};
		7ABDFEE91B3311C0005B3599 /* Supporting Files */ = {
			isa = PBXGroup;
			children = (
				7ABDFEEA1B3311C0005B3599 /* Info.plist */,
			);
			name = "Supporting Files";
			sourceTree = "<group>";
		};
		7ABDFF011B3311C0005B3599 /* MyNextNumberTests */ = {
			isa = PBXGroup;
			children = (
				7ABDFF041B3311C0005B3599 /* MyNextNumberTests.swift */,
				7ABDFF021B3311C0005B3599 /* Supporting Files */,
			);
			path = MyNextNumberTests;
			sourceTree = "<group>";
		};
		7ABDFF021B3311C0005B3599 /* Supporting Files */ = {
			isa = PBXGroup;
			children = (
				7ABDFF031B3311C0005B3599 /* Info.plist */,
			);
			name = "Supporting Files";
			sourceTree = "<group>";
		};
/* End PBXGroup section */

/* Begin PBXNativeTarget section */
		7ABDFEE51B3311C0005B3599 /* MyNextNumber */ = {
			isa = PBXNativeTarget;
			buildConfigurationList = 7ABDFF081B3311C0005B3599 /* Build configuration list for PBXNativeTarget "MyNextNumber" */;
			buildPhases = (
				7ABDFEE21B3311C0005B3599 /* Sources */,
				7ABDFEE31B3311C0005B3599 /* Frameworks */,
				7ABDFEE41B3311C0005B3599 /* Resources */,
			);
			buildRules = (
			);
			dependencies = (
			);
			name = MyNextNumber;
			productName = MyNextNumber;
			productReference = 7ABDFEE61B3311C0005B3599 /* MyNextNumber.app */;
			productType = "com.apple.product-type.application";
		};
		7ABDFEFD1B3311C0005B3599 /* MyNextNumberTests */ = {
			isa = PBXNativeTarget;
			buildConfigurationList = 7ABDFF0B1B3311C0005B3599 /* Build configuration list for PBXNativeTarget "MyNextNumberTests" */;
			buildPhases = (
				7ABDFEFA1B3311C0005B3599 /* Sources */,
				7ABDFEFB1B3311C0005B3599 /* Frameworks */,
				7ABDFEFC1B3311C0005B3599 /* Resources */,
			);
			buildRules = (
			);
			dependencies = (
				7ABDFF001B3311C0005B3599 /* PBXTargetDependency */,
			);
			name = MyNextNumberTests;
			productName = MyNextNumberTests;
			productReference = 7ABDFEFE1B3311C0005B3599 /* MyNextNumberTests.xctest */;
			productType = "com.apple.product-type.bundle.unit-test";
		};
/* End PBXNativeTarget section */

/* Begin PBXProject section */
		7ABDFEDE1B3311C0005B3599 /* Project object */ = {
			isa = PBXProject;
			attributes = {
				LastUpgradeCheck = 0630;
				ORGANIZATIONNAME = TakeItEasy;
				TargetAttributes = {
					7ABDFEE51B3311C0005B3599 = {
						CreatedOnToolsVersion = 6.3.2;
					};
					7ABDFEFD1B3311C0005B3599 = {
						CreatedOnToolsVersion = 6.3.2;
						TestTargetID = 7ABDFEE51B3311C0005B3599;
					};
				};
			};
			buildConfigurationList = 7ABDFEE11B3311C0005B3599 /* Build configuration list for PBXProject "MyNextNumber" */;
			compatibilityVersion = "Xcode 3.2";
			developmentRegion = English;
			hasScannedForEncodings = 0;
			knownRegions = (
				en,
				Base,
			);
			mainGroup = 7ABDFEDD1B3311C0005B3599;
			productRefGroup = 7ABDFEE71B3311C0005B3599 /* Products */;
			projectDirPath = "";
			projectRoot = "";
			targets = (
				7ABDFEE51B3311C0005B3599 /* MyNextNumber */,
				7ABDFEFD1B3311C0005B3599 /* MyNextNumberTests */,
			);
		};
/* End PBXProject section */

/* Begin PBXResourcesBuildPhase section */
		7ABDFEE41B3311C0005B3599 /* Resources */ = {
			isa = PBXResourcesBuildPhase;
			buildActionMask = 2147483647;
			files = (
				7ABDFEF61B3311C0005B3599 /* Images.xcassets in Resources */,
				7A4B648D1B4B1C0500FA051A /* Main.storyboard in Resources */,
			);
			runOnlyForDeploymentPostprocessing = 0;
		};
		7ABDFEFC1B3311C0005B3599 /* Resources */ = {
			isa = PBXResourcesBuildPhase;
			buildActionMask = 2147483647;
			files = (
			);
			runOnlyForDeploymentPostprocessing = 0;
		};
/* End PBXResourcesBuildPhase section */

/* Begin PBXSourcesBuildPhase section */
		7ABDFEE21B3311C0005B3599 /* Sources */ = {
			isa = PBXSourcesBuildPhase;
			buildActionMask = 2147483647;
			files = (
				7A4B64911B4B316200FA051A /* NextNumberAnswerLabel.swift in Sources */,
				7ABDFF0F1B3A10F0005B3599 /* AskNumberViewController.swift in Sources */,
				7A4B64931B4C133B00FA051A /* APIController.swift in Sources */,
				7ABDFEF11B3311C0005B3599 /* ViewController.swift in Sources */,
				7ABDFEEC1B3311C0005B3599 /* AppDelegate.swift in Sources */,
				7ABDFEEF1B3311C0005B3599 /* MyNextNumber.xcdatamodeld in Sources */,
				7ABDDF941B5959F8008294B6 /* ListAllViewController.swift in Sources */,
			);
			runOnlyForDeploymentPostprocessing = 0;
		};
		7ABDFEFA1B3311C0005B3599 /* Sources */ = {
			isa = PBXSourcesBuildPhase;
			buildActionMask = 2147483647;
			files = (
				7ABDFF051B3311C0005B3599 /* MyNextNumberTests.swift in Sources */,
			);
			runOnlyForDeploymentPostprocessing = 0;
		};
/* End PBXSourcesBuildPhase section */

/* Begin PBXTargetDependency section */
		7ABDFF001B3311C0005B3599 /* PBXTargetDependency */ = {
			isa = PBXTargetDependency;
			target = 7ABDFEE51B3311C0005B3599 /* MyNextNumber */;
			targetProxy = 7ABDFEFF1B3311C0005B3599 /* PBXContainerItemProxy */;
		};
/* End PBXTargetDependency section */

/* Begin XCBuildConfiguration section */
		7ABDFF061B3311C0005B3599 /* Debug */ = {
			isa = XCBuildConfiguration;
			buildSettings = {
				ALWAYS_SEARCH_USER_PATHS = NO;
				CLANG_CXX_LANGUAGE_STANDARD = "gnu++0x";
				CLANG_CXX_LIBRARY = "libc++";
				CLANG_ENABLE_MODULES = YES;
				CLANG_ENABLE_OBJC_ARC = YES;
				CLANG_WARN_BOOL_CONVERSION = YES;
				CLANG_WARN_CONSTANT_CONVERSION = YES;
				CLANG_WARN_DIRECT_OBJC_ISA_USAGE = YES_ERROR;
				CLANG_WARN_EMPTY_BODY = YES;
				CLANG_WARN_ENUM_CONVERSION = YES;
				CLANG_WARN_INT_CONVERSION = YES;
				CLANG_WARN_OBJC_ROOT_CLASS = YES_ERROR;
				CLANG_WARN_UNREACHABLE_CODE = YES;
				CLANG_WARN__DUPLICATE_METHOD_MATCH = YES;
				"CODE_SIGN_IDENTITY[sdk=iphoneos*]" = "iPhone Developer";
				COPY_PHASE_STRIP = NO;
				DEBUG_INFORMATION_FORMAT = "dwarf-with-dsym";
				ENABLE_STRICT_OBJC_MSGSEND = YES;
				GCC_C_LANGUAGE_STANDARD = gnu99;
				GCC_DYNAMIC_NO_PIC = NO;
				GCC_NO_COMMON_BLOCKS = YES;
				GCC_OPTIMIZATION_LEVEL = 0;
				GCC_PREPROCESSOR_DEFINITIONS = (
					"DEBUG=1",
					"$(inherited)",
				);
				GCC_SYMBOLS_PRIVATE_EXTERN = NO;
				GCC_WARN_64_TO_32_BIT_CONVERSION = YES;
				GCC_WARN_ABOUT_RETURN_TYPE = YES_ERROR;
				GCC_WARN_UNDECLARED_SELECTOR = YES;
				GCC_WARN_UNINITIALIZED_AUTOS = YES_AGGRESSIVE;
				GCC_WARN_UNUSED_FUNCTION = YES;
				GCC_WARN_UNUSED_VARIABLE = YES;
				IPHONEOS_DEPLOYMENT_TARGET = 8.3;
				MTL_ENABLE_DEBUG_INFO = YES;
				ONLY_ACTIVE_ARCH = YES;
				SDKROOT = iphoneos;
				SWIFT_OPTIMIZATION_LEVEL = "-Onone";
			};
			name = Debug;
		};
		7ABDFF071B3311C0005B3599 /* Release */ = {
			isa = XCBuildConfiguration;
			buildSettings = {
				ALWAYS_SEARCH_USER_PATHS = NO;
				CLANG_CXX_LANGUAGE_STANDARD = "gnu++0x";
				CLANG_CXX_LIBRARY = "libc++";
				CLANG_ENABLE_MODULES = YES;
				CLANG_ENABLE_OBJC_ARC = YES;
				CLANG_WARN_BOOL_CONVERSION = YES;
				CLANG_WARN_CONSTANT_CONVERSION = YES;
				CLANG_WARN_DIRECT_OBJC_ISA_USAGE = YES_ERROR;
				CLANG_WARN_EMPTY_BODY = YES;
				CLANG_WARN_ENUM_CONVERSION = YES;
				CLANG_WARN_INT_CONVERSION = YES;
				CLANG_WARN_OBJC_ROOT_CLASS = YES_ERROR;
				CLANG_WARN_UNREACHABLE_CODE = YES;
				CLANG_WARN__DUPLICATE_METHOD_MATCH = YES;
				"CODE_SIGN_IDENTITY[sdk=iphoneos*]" = "iPhone Developer";
				COPY_PHASE_STRIP = NO;
				DEBUG_INFORMATION_FORMAT = "dwarf-with-dsym";
				ENABLE_NS_ASSERTIONS = NO;
				ENABLE_STRICT_OBJC_MSGSEND = YES;
				GCC_C_LANGUAGE_STANDARD = gnu99;
				GCC_NO_COMMON_BLOCKS = YES;
				GCC_WARN_64_TO_32_BIT_CONVERSION = YES;
				GCC_WARN_ABOUT_RETURN_TYPE = YES_ERROR;
				GCC_WARN_UNDECLARED_SELECTOR = YES;
				GCC_WARN_UNINITIALIZED_AUTOS = YES_AGGRESSIVE;
				GCC_WARN_UNUSED_FUNCTION = YES;
				GCC_WARN_UNUSED_VARIABLE = YES;
				IPHONEOS_DEPLOYMENT_TARGET = 8.3;
				MTL_ENABLE_DEBUG_INFO = NO;
				SDKROOT = iphoneos;
				VALIDATE_PRODUCT = YES;
			};
			name = Release;
		};
		7ABDFF091B3311C0005B3599 /* Debug */ = {
			isa = XCBuildConfiguration;
			buildSettings = {
				ASSETCATALOG_COMPILER_APPICON_NAME = AppIcon;
				INFOPLIST_FILE = MyNextNumber/Info.plist;
				LD_RUNPATH_SEARCH_PATHS = "$(inherited) @executable_path/Frameworks";
				PRODUCT_NAME = "$(TARGET_NAME)";
				TARGETED_DEVICE_FAMILY = 1;
			};
			name = Debug;
		};
		7ABDFF0A1B3311C0005B3599 /* Release */ = {
			isa = XCBuildConfiguration;
			buildSettings = {
				ASSETCATALOG_COMPILER_APPICON_NAME = AppIcon;
				INFOPLIST_FILE = MyNextNumber/Info.plist;
				LD_RUNPATH_SEARCH_PATHS = "$(inherited) @executable_path/Frameworks";
				PRODUCT_NAME = "$(TARGET_NAME)";
				TARGETED_DEVICE_FAMILY = 1;
			};
			name = Release;
		};
		7ABDFF0C1B3311C0005B3599 /* Debug */ = {
			isa = XCBuildConfiguration;
			buildSettings = {
				BUNDLE_LOADER = "$(TEST_HOST)";
				FRAMEWORK_SEARCH_PATHS = (
					"$(SDKROOT)/Developer/Library/Frameworks",
					"$(inherited)",
				);
				GCC_PREPROCESSOR_DEFINITIONS = (
					"DEBUG=1",
					"$(inherited)",
				);
				INFOPLIST_FILE = MyNextNumberTests/Info.plist;
				LD_RUNPATH_SEARCH_PATHS = "$(inherited) @executable_path/Frameworks @loader_path/Frameworks";
				PRODUCT_NAME = "$(TARGET_NAME)";
				TEST_HOST = "$(BUILT_PRODUCTS_DIR)/MyNextNumber.app/MyNextNumber";
			};
			name = Debug;
		};
		7ABDFF0D1B3311C0005B3599 /* Release */ = {
			isa = XCBuildConfiguration;
			buildSettings = {
				BUNDLE_LOADER = "$(TEST_HOST)";
				FRAMEWORK_SEARCH_PATHS = (
					"$(SDKROOT)/Developer/Library/Frameworks",
					"$(inherited)",
				);
				INFOPLIST_FILE = MyNextNumberTests/Info.plist;
				LD_RUNPATH_SEARCH_PATHS = "$(inherited) @executable_path/Frameworks @loader_path/Frameworks";
				PRODUCT_NAME = "$(TARGET_NAME)";
				TEST_HOST = "$(BUILT_PRODUCTS_DIR)/MyNextNumber.app/MyNextNumber";
			};
			name = Release;
		};
/* End XCBuildConfiguration section */

/* Begin XCConfigurationList section */
		7ABDFEE11B3311C0005B3599 /* Build configuration list for PBXProject "MyNextNumber" */ = {
			isa = XCConfigurationList;
			buildConfigurations = (
				7ABDFF061B3311C0005B3599 /* Debug */,
				7ABDFF071B3311C0005B3599 /* Release */,
			);
			defaultConfigurationIsVisible = 0;
			defaultConfigurationName = Release;
		};
		7ABDFF081B3311C0005B3599 /* Build configuration list for PBXNativeTarget "MyNextNumber" */ = {
			isa = XCConfigurationList;
			buildConfigurations = (
				7ABDFF091B3311C0005B3599 /* Debug */,
				7ABDFF0A1B3311C0005B3599 /* Release */,
			);
			defaultConfigurationIsVisible = 0;
			defaultConfigurationName = Release;
		};
		7ABDFF0B1B3311C0005B3599 /* Build configuration list for PBXNativeTarget "MyNextNumberTests" */ = {
			isa = XCConfigurationList;
			buildConfigurations = (
				7ABDFF0C1B3311C0005B3599 /* Debug */,
				7ABDFF0D1B3311C0005B3599 /* Release */,
			);
			defaultConfigurationIsVisible = 0;
			defaultConfigurationName = Release;
		};
/* End XCConfigurationList section */

/* Begin XCVersionGroup section */
		7ABDFEED1B3311C0005B3599 /* MyNextNumber.xcdatamodeld */ = {
			isa = XCVersionGroup;
			children = (
				7ABDFEEE1B3311C0005B3599 /* MyNextNumber.xcdatamodel */,
			);
			currentVersion = 7ABDFEEE1B3311C0005B3599 /* MyNextNumber.xcdatamodel */;
			path = MyNextNumber.xcdatamodeld;
			sourceTree = "<group>";
			versionGroupType = wrapper.xcdatamodel;
		};
/* End XCVersionGroup section */
	};
	rootObject = 7ABDFEDE1B3311C0005B3599 /* Project object */;
}
